
Microsoft Visual Studio Solution File, Format Version 12.00
# Visual Studio Version 17
VisualStudioVersion = 17.10.35013.160
MinimumVisualStudioVersion = 10.0.40219.1
Project("{FAE04EC0-301F-11D3-BF4B-00C04F79EFBC}") = "Thiago 1", "Thiago 1\Thiago 1.csproj", "{C197BA20-31E7-467F-AB7F-FE683A2C5A9A}"
EndProject
Global
	GlobalSection(SolutionConfigurationPlatforms) = preSolution
		Debug|Any CPU = Debug|Any CPU
		Release|Any CPU = Release|Any CPU
	EndGlobalSection
	GlobalSection(ProjectConfigurationPlatforms) = postSolution
		{C197BA20-31E7-467F-AB7F-FE683A2C5A9A}.Debug|Any CPU.ActiveCfg = Debug|Any CPU
		{C197BA20-31E7-467F-AB7F-FE683A2C5A9A}.Debug|Any CPU.Build.0 = Debug|Any CPU
		{C197BA20-31E7-467F-AB7F-FE683A2C5A9A}.Debug|Any CPU.Deploy.0 = Debug|Any CPU
		{C197BA20-31E7-467F-AB7F-FE683A2C5A9A}.Release|Any CPU.ActiveCfg = Release|Any CPU
		{C197BA20-31E7-467F-AB7F-FE683A2C5A9A}.Release|Any CPU.Build.0 = Release|Any CPU
		{C197BA20-31E7-467F-AB7F-FE683A2C5A9A}.Release|Any CPU.Deploy.0 = Release|Any CPU
	EndGlobalSection
	GlobalSection(SolutionProperties) = preSolution
		HideSolutionNode = FALSE
	EndGlobalSection
	GlobalSection(ExtensibilityGlobals) = postSolution
		SolutionGuid = {636D5C0D-EAFB-41FA-8E55-42BD131B9F9E}
	EndGlobalSection
EndGlobal
